
Microsoft Visual Studio Solution File, Format Version 12.00
# Visual Studio Version 17
VisualStudioVersion = 17.0.31903.59
MinimumVisualStudioVersion = 10.0.40219.1
Project("{9A19103F-16F7-4668-BE54-9A1E7A4F7556}") = "ApiTest", "ApiTest\ApiTest.csproj", "{D9095B3A-DF52-495E-A099-A12F72FDF078}"
EndProject
Project("{9A19103F-16F7-4668-BE54-9A1E7A4F7556}") = "ApiTest.Contracts", "ApiTest.Contracts\ApiTest.Contracts.csproj", "{3DAD4A5A-7A78-4D43-852A-159216396687}"
EndProject
Project("{9A19103F-16F7-4668-BE54-9A1E7A4F7556}") = "ApiTest.Entity", "ApiTest.Entity\ApiTest.Entity.csproj", "{23B0E6CD-2373-48D1-90EE-8582E0DEC07E}"
EndProject
Project("{FAE04EC0-301F-11D3-BF4B-00C04F79EFBC}") = "ApiTest.Tests", "ApiTest.Tests\ApiTest.Tests.csproj", "{83119F1D-B731-4E3C-906B-9808DDAA539B}"
EndProject
Global
	GlobalSection(SolutionConfigurationPlatforms) = preSolution
		Debug|Any CPU = Debug|Any CPU
		Release|Any CPU = Release|Any CPU
	EndGlobalSection
	GlobalSection(ProjectConfigurationPlatforms) = postSolution
		{D9095B3A-DF52-495E-A099-A12F72FDF078}.Debug|Any CPU.ActiveCfg = Debug|Any CPU
		{D9095B3A-DF52-495E-A099-A12F72FDF078}.Debug|Any CPU.Build.0 = Debug|Any CPU
		{D9095B3A-DF52-495E-A099-A12F72FDF078}.Release|Any CPU.ActiveCfg = Release|Any CPU
		{D9095B3A-DF52-495E-A099-A12F72FDF078}.Release|Any CPU.Build.0 = Release|Any CPU
		{3DAD4A5A-7A78-4D43-852A-159216396687}.Debug|Any CPU.ActiveCfg = Debug|Any CPU
		{3DAD4A5A-7A78-4D43-852A-159216396687}.Debug|Any CPU.Build.0 = Debug|Any CPU
		{3DAD4A5A-7A78-4D43-852A-159216396687}.Release|Any CPU.ActiveCfg = Release|Any CPU
		{3DAD4A5A-7A78-4D43-852A-159216396687}.Release|Any CPU.Build.0 = Release|Any CPU
		{23B0E6CD-2373-48D1-90EE-8582E0DEC07E}.Debug|Any CPU.ActiveCfg = Debug|Any CPU
		{23B0E6CD-2373-48D1-90EE-8582E0DEC07E}.Debug|Any CPU.Build.0 = Debug|Any CPU
		{23B0E6CD-2373-48D1-90EE-8582E0DEC07E}.Release|Any CPU.ActiveCfg = Release|Any CPU
		{23B0E6CD-2373-48D1-90EE-8582E0DEC07E}.Release|Any CPU.Build.0 = Release|Any CPU
		{83119F1D-B731-4E3C-906B-9808DDAA539B}.Debug|Any CPU.ActiveCfg = Debug|Any CPU
		{83119F1D-B731-4E3C-906B-9808DDAA539B}.Debug|Any CPU.Build.0 = Debug|Any CPU
		{83119F1D-B731-4E3C-906B-9808DDAA539B}.Release|Any CPU.ActiveCfg = Release|Any CPU
		{83119F1D-B731-4E3C-906B-9808DDAA539B}.Release|Any CPU.Build.0 = Release|Any CPU
	EndGlobalSection
	GlobalSection(SolutionProperties) = preSolution
		HideSolutionNode = FALSE
	EndGlobalSection
	GlobalSection(ExtensibilityGlobals) = postSolution
		SolutionGuid = {DD9902FA-0188-4D32-B746-39C47230A1BB}
	EndGlobalSection
EndGlobal
